
Microsoft Visual Studio Solution File, Format Version 12.00
# Visual Studio 15
VisualStudioVersion = 15.0.27004.2010
MinimumVisualStudioVersion = 10.0.40219.1
Project("{9A19103F-16F7-4668-BE54-9A1E7A4F7556}") = "MyHealthPassAuth", "MyHealthPassAuth\MyHealthPassAuth.csproj", "{943A081A-2113-4D4C-861F-4D4554E7D479}"
EndProject
Project("{9A19103F-16F7-4668-BE54-9A1E7A4F7556}") = "MyHealthPassAuthTest", "MyHealthPassAuthTest\MyHealthPassAuthTest.csproj", "{E124CD77-6E21-4A39-992F-60145F72A2FF}"
EndProject
Project("{9A19103F-16F7-4668-BE54-9A1E7A4F7556}") = "MyHealthPassAuthExample", "MyHealthPassAuthExample\MyHealthPassAuthExample.csproj", "{1A72200A-D322-4882-90F5-717ABFBEB156}"
EndProject
Project("{9A19103F-16F7-4668-BE54-9A1E7A4F7556}") = "MyHealthPassAuthExampleInMemoryDb", "MyHealthPassAuthExampleInMemoryDb\MyHealthPassAuthExampleInMemoryDb.csproj", "{CAF63BE5-AB8D-4CED-8DE9-D03B9231E2C8}"
EndProject
Project("{2150E333-8FDC-42A3-9474-1A3956D46DE8}") = "MySQLScript", "MySQLScript", "{18D583EC-AE5B-460E-A128-2A9A9D18CB9F}"
	ProjectSection(SolutionItems) = preProject
		my_health_pass_auth.sql = my_health_pass_auth.sql
	EndProjectSection
EndProject
Global
	GlobalSection(SolutionConfigurationPlatforms) = preSolution
		Debug|Any CPU = Debug|Any CPU
		Release|Any CPU = Release|Any CPU
	EndGlobalSection
	GlobalSection(ProjectConfigurationPlatforms) = postSolution
		{943A081A-2113-4D4C-861F-4D4554E7D479}.Debug|Any CPU.ActiveCfg = Debug|Any CPU
		{943A081A-2113-4D4C-861F-4D4554E7D479}.Debug|Any CPU.Build.0 = Debug|Any CPU
		{943A081A-2113-4D4C-861F-4D4554E7D479}.Release|Any CPU.ActiveCfg = Release|Any CPU
		{943A081A-2113-4D4C-861F-4D4554E7D479}.Release|Any CPU.Build.0 = Release|Any CPU
		{E124CD77-6E21-4A39-992F-60145F72A2FF}.Debug|Any CPU.ActiveCfg = Debug|Any CPU
		{E124CD77-6E21-4A39-992F-60145F72A2FF}.Debug|Any CPU.Build.0 = Debug|Any CPU
		{E124CD77-6E21-4A39-992F-60145F72A2FF}.Release|Any CPU.ActiveCfg = Release|Any CPU
		{E124CD77-6E21-4A39-992F-60145F72A2FF}.Release|Any CPU.Build.0 = Release|Any CPU
		{1A72200A-D322-4882-90F5-717ABFBEB156}.Debug|Any CPU.ActiveCfg = Debug|Any CPU
		{1A72200A-D322-4882-90F5-717ABFBEB156}.Debug|Any CPU.Build.0 = Debug|Any CPU
		{1A72200A-D322-4882-90F5-717ABFBEB156}.Release|Any CPU.ActiveCfg = Release|Any CPU
		{1A72200A-D322-4882-90F5-717ABFBEB156}.Release|Any CPU.Build.0 = Release|Any CPU
		{CAF63BE5-AB8D-4CED-8DE9-D03B9231E2C8}.Debug|Any CPU.ActiveCfg = Debug|Any CPU
		{CAF63BE5-AB8D-4CED-8DE9-D03B9231E2C8}.Debug|Any CPU.Build.0 = Debug|Any CPU
		{CAF63BE5-AB8D-4CED-8DE9-D03B9231E2C8}.Release|Any CPU.ActiveCfg = Release|Any CPU
		{CAF63BE5-AB8D-4CED-8DE9-D03B9231E2C8}.Release|Any CPU.Build.0 = Release|Any CPU
	EndGlobalSection
	GlobalSection(SolutionProperties) = preSolution
		HideSolutionNode = FALSE
	EndGlobalSection
	GlobalSection(ExtensibilityGlobals) = postSolution
		SolutionGuid = {D40EE205-6044-42A1-A9A9-ED68FAC89287}
	EndGlobalSection
EndGlobal
